
Microsoft Visual Studio Solution File, Format Version 12.00
# Visual Studio 15
VisualStudioVersion = 15.0.28307.539
MinimumVisualStudioVersion = 10.0.40219.1
Project("{FAE04EC0-301F-11D3-BF4B-00C04F79EFBC}") = "task_four", "task_four\task_four.csproj", "{6918A39E-BCEB-4A11-810D-6024227EF409}"
EndProject
Global
	GlobalSection(SolutionConfigurationPlatforms) = preSolution
		Debug|Any CPU = Debug|Any CPU
		Release|Any CPU = Release|Any CPU
	EndGlobalSection
	GlobalSection(ProjectConfigurationPlatforms) = postSolution
		{6918A39E-BCEB-4A11-810D-6024227EF409}.Debug|Any CPU.ActiveCfg = Debug|Any CPU
		{6918A39E-BCEB-4A11-810D-6024227EF409}.Debug|Any CPU.Build.0 = Debug|Any CPU
		{6918A39E-BCEB-4A11-810D-6024227EF409}.Release|Any CPU.ActiveCfg = Release|Any CPU
		{6918A39E-BCEB-4A11-810D-6024227EF409}.Release|Any CPU.Build.0 = Release|Any CPU
	EndGlobalSection
	GlobalSection(SolutionProperties) = preSolution
		HideSolutionNode = FALSE
	EndGlobalSection
	GlobalSection(ExtensibilityGlobals) = postSolution
		SolutionGuid = {72F20EFB-E45B-4790-83EF-4F4AB15F7754}
	EndGlobalSection
EndGlobal
